
Microsoft Visual Studio Solution File, Format Version 12.00
# Visual Studio Version 17
VisualStudioVersion = 17.5.001.0
MinimumVisualStudioVersion = 10.0.40219.1
Project("{9A19103F-16F7-4668-BE54-9A1E7A4F7556}") = "EFUpskilling", "EFUpskilling.csproj", "{3013D156-FE46-4790-AC51-DB0D8B1B258D}"
EndProject
Global
	GlobalSection(SolutionConfigurationPlatforms) = preSolution
		Debug|Any CPU = Debug|Any CPU
		Release|Any CPU = Release|Any CPU
	EndGlobalSection
	GlobalSection(ProjectConfigurationPlatforms) = postSolution
		{3013D156-FE46-4790-AC51-DB0D8B1B258D}.Debug|Any CPU.ActiveCfg = Debug|Any CPU
		{3013D156-FE46-4790-AC51-DB0D8B1B258D}.Debug|Any CPU.Build.0 = Debug|Any CPU
		{3013D156-FE46-4790-AC51-DB0D8B1B258D}.Release|Any CPU.ActiveCfg = Release|Any CPU
		{3013D156-FE46-4790-AC51-DB0D8B1B258D}.Release|Any CPU.Build.0 = Release|Any CPU
	EndGlobalSection
	GlobalSection(SolutionProperties) = preSolution
		HideSolutionNode = FALSE
	EndGlobalSection
	GlobalSection(ExtensibilityGlobals) = postSolution
		SolutionGuid = {DFCF1CC5-E02B-4A05-816F-C851C4353EED}
	EndGlobalSection
EndGlobal
